
Microsoft Visual Studio Solution File, Format Version 12.00
# Visual Studio Version 17
VisualStudioVersion = 17.8.34316.72
MinimumVisualStudioVersion = 10.0.40219.1
Project("{9A19103F-16F7-4668-BE54-9A1E7A4F7556}") = "Labb2-DbFirst-Template", "Labb2-DbFirst-Template\Labb2-DbFirst-Template.csproj", "{6DCF2A43-814A-47F9-9119-6CA955365A53}"
EndProject
Project("{9A19103F-16F7-4668-BE54-9A1E7A4F7556}") = "BookStoreUI", "BookStoreUI\BookStoreUI.csproj", "{E0FDBD88-FCAD-4EB3-96EC-B4010FA68BD0}"
EndProject
Project("{9A19103F-16F7-4668-BE54-9A1E7A4F7556}") = "DataAccess", "DataAccess\DataAccess.csproj", "{235649E7-24E5-4D35-91CC-C429B1533652}"
EndProject
Project("{9A19103F-16F7-4668-BE54-9A1E7A4F7556}") = "Common", "Common\Common.csproj", "{3D1866AE-F4FB-4E35-BD92-50E5DE077C75}"
EndProject
Project("{FAE04EC0-301F-11D3-BF4B-00C04F79EFBC}") = "TestProgram", "TestProgram\TestProgram.csproj", "{BA24A217-73EB-4BB8-AF4C-7AA8C5A178AE}"
EndProject
Global
	GlobalSection(SolutionConfigurationPlatforms) = preSolution
		Debug|Any CPU = Debug|Any CPU
		Release|Any CPU = Release|Any CPU
	EndGlobalSection
	GlobalSection(ProjectConfigurationPlatforms) = postSolution
		{6DCF2A43-814A-47F9-9119-6CA955365A53}.Debug|Any CPU.ActiveCfg = Debug|Any CPU
		{6DCF2A43-814A-47F9-9119-6CA955365A53}.Debug|Any CPU.Build.0 = Debug|Any CPU
		{6DCF2A43-814A-47F9-9119-6CA955365A53}.Release|Any CPU.ActiveCfg = Release|Any CPU
		{6DCF2A43-814A-47F9-9119-6CA955365A53}.Release|Any CPU.Build.0 = Release|Any CPU
		{E0FDBD88-FCAD-4EB3-96EC-B4010FA68BD0}.Debug|Any CPU.ActiveCfg = Debug|Any CPU
		{E0FDBD88-FCAD-4EB3-96EC-B4010FA68BD0}.Debug|Any CPU.Build.0 = Debug|Any CPU
		{E0FDBD88-FCAD-4EB3-96EC-B4010FA68BD0}.Release|Any CPU.ActiveCfg = Release|Any CPU
		{E0FDBD88-FCAD-4EB3-96EC-B4010FA68BD0}.Release|Any CPU.Build.0 = Release|Any CPU
		{235649E7-24E5-4D35-91CC-C429B1533652}.Debug|Any CPU.ActiveCfg = Debug|Any CPU
		{235649E7-24E5-4D35-91CC-C429B1533652}.Debug|Any CPU.Build.0 = Debug|Any CPU
		{235649E7-24E5-4D35-91CC-C429B1533652}.Release|Any CPU.ActiveCfg = Release|Any CPU
		{235649E7-24E5-4D35-91CC-C429B1533652}.Release|Any CPU.Build.0 = Release|Any CPU
		{3D1866AE-F4FB-4E35-BD92-50E5DE077C75}.Debug|Any CPU.ActiveCfg = Debug|Any CPU
		{3D1866AE-F4FB-4E35-BD92-50E5DE077C75}.Debug|Any CPU.Build.0 = Debug|Any CPU
		{3D1866AE-F4FB-4E35-BD92-50E5DE077C75}.Release|Any CPU.ActiveCfg = Release|Any CPU
		{3D1866AE-F4FB-4E35-BD92-50E5DE077C75}.Release|Any CPU.Build.0 = Release|Any CPU
		{BA24A217-73EB-4BB8-AF4C-7AA8C5A178AE}.Debug|Any CPU.ActiveCfg = Debug|Any CPU
		{BA24A217-73EB-4BB8-AF4C-7AA8C5A178AE}.Debug|Any CPU.Build.0 = Debug|Any CPU
		{BA24A217-73EB-4BB8-AF4C-7AA8C5A178AE}.Release|Any CPU.ActiveCfg = Release|Any CPU
		{BA24A217-73EB-4BB8-AF4C-7AA8C5A178AE}.Release|Any CPU.Build.0 = Release|Any CPU
	EndGlobalSection
	GlobalSection(SolutionProperties) = preSolution
		HideSolutionNode = FALSE
	EndGlobalSection
	GlobalSection(ExtensibilityGlobals) = postSolution
		SolutionGuid = {6E2C5155-AC37-4736-956A-A6D86D7468B9}
	EndGlobalSection
EndGlobal
